
Microsoft Visual Studio Solution File, Format Version 11.00
# Visual Studio 2010
# SharpDevelop 5.1
Project("{FAE04EC0-301F-11D3-BF4B-00C04F79EFBC}") = "scrim", "scrim.csproj", "{6C6B1169-AEBA-4DE1-84AA-AEE41D5917CF}"
EndProject
Global
	GlobalSection(SolutionConfigurationPlatforms) = preSolution
		Debug|Any CPU = Debug|Any CPU
		Release|Any CPU = Release|Any CPU
	EndGlobalSection
	GlobalSection(ProjectConfigurationPlatforms) = postSolution
		{6C6B1169-AEBA-4DE1-84AA-AEE41D5917CF}.Debug|Any CPU.ActiveCfg = Debug|Any CPU
		{6C6B1169-AEBA-4DE1-84AA-AEE41D5917CF}.Debug|Any CPU.Build.0 = Debug|Any CPU
		{6C6B1169-AEBA-4DE1-84AA-AEE41D5917CF}.Release|Any CPU.ActiveCfg = Release|Any CPU
		{6C6B1169-AEBA-4DE1-84AA-AEE41D5917CF}.Release|Any CPU.Build.0 = Release|Any CPU
	EndGlobalSection
EndGlobal
